
Microsoft Visual Studio Solution File, Format Version 12.00
# Visual Studio 14
VisualStudioVersion = 14.0.25420.1
MinimumVisualStudioVersion = 10.0.40219.1
Project("{FAE04EC0-301F-11D3-BF4B-00C04F79EFBC}") = "image-synthesis", "image-synthesis\image-synthesis.csproj", "{285EDE09-A642-4983-87C5-77BBB3B1EF42}"
EndProject
Global
	GlobalSection(SolutionConfigurationPlatforms) = preSolution
		Debug|Any CPU = Debug|Any CPU
		Release|Any CPU = Release|Any CPU
	EndGlobalSection
	GlobalSection(ProjectConfigurationPlatforms) = postSolution
		{285EDE09-A642-4983-87C5-77BBB3B1EF42}.Debug|Any CPU.ActiveCfg = Debug|Any CPU
		{285EDE09-A642-4983-87C5-77BBB3B1EF42}.Debug|Any CPU.Build.0 = Debug|Any CPU
		{285EDE09-A642-4983-87C5-77BBB3B1EF42}.Release|Any CPU.ActiveCfg = Release|Any CPU
		{285EDE09-A642-4983-87C5-77BBB3B1EF42}.Release|Any CPU.Build.0 = Release|Any CPU
	EndGlobalSection
	GlobalSection(SolutionProperties) = preSolution
		HideSolutionNode = FALSE
	EndGlobalSection
EndGlobal
